
Microsoft Visual Studio Solution File, Format Version 12.00
# Visual Studio Version 17
VisualStudioVersion = 17.5.33502.453
MinimumVisualStudioVersion = 10.0.40219.1
Project("{FAE04EC0-301F-11D3-BF4B-00C04F79EFBC}") = "Bankomat", "Bankomat\Bankomat.csproj", "{D6061284-EF2A-4928-89C5-4F4A4480C96D}"
EndProject
Global
	GlobalSection(SolutionConfigurationPlatforms) = preSolution
		Debug|Any CPU = Debug|Any CPU
		Release|Any CPU = Release|Any CPU
	EndGlobalSection
	GlobalSection(ProjectConfigurationPlatforms) = postSolution
		{D6061284-EF2A-4928-89C5-4F4A4480C96D}.Debug|Any CPU.ActiveCfg = Debug|Any CPU
		{D6061284-EF2A-4928-89C5-4F4A4480C96D}.Debug|Any CPU.Build.0 = Debug|Any CPU
		{D6061284-EF2A-4928-89C5-4F4A4480C96D}.Release|Any CPU.ActiveCfg = Release|Any CPU
		{D6061284-EF2A-4928-89C5-4F4A4480C96D}.Release|Any CPU.Build.0 = Release|Any CPU
	EndGlobalSection
	GlobalSection(SolutionProperties) = preSolution
		HideSolutionNode = FALSE
	EndGlobalSection
	GlobalSection(ExtensibilityGlobals) = postSolution
		SolutionGuid = {F64E6FA4-0739-4354-A19F-9565102B3C1F}
	EndGlobalSection
EndGlobal
